
Microsoft Visual Studio Solution File, Format Version 12.00
# Visual Studio Version 16
VisualStudioVersion = 16.0.30114.105
MinimumVisualStudioVersion = 10.0.40219.1
Project("{FAE04EC0-301F-11D3-BF4B-00C04F79EFBC}") = "DotnetHello.Test", "DotnetHello.Test\DotnetHello.Test.csproj", "{AAAB88AE-3609-4A35-ABBB-92EB850D85C2}"
EndProject
Project("{FAE04EC0-301F-11D3-BF4B-00C04F79EFBC}") = "DotnetHello.App", "DotnetHello.App\DotnetHello.App.csproj", "{0B1D23DF-16FC-4E58-8062-76C45B8F92EA}"
EndProject
Global
	GlobalSection(SolutionConfigurationPlatforms) = preSolution
		Debug|Any CPU = Debug|Any CPU
		Release|Any CPU = Release|Any CPU
	EndGlobalSection
	GlobalSection(SolutionProperties) = preSolution
		HideSolutionNode = FALSE
	EndGlobalSection
	GlobalSection(ProjectConfigurationPlatforms) = postSolution
		{AAAB88AE-3609-4A35-ABBB-92EB850D85C2}.Debug|Any CPU.ActiveCfg = Debug|Any CPU
		{AAAB88AE-3609-4A35-ABBB-92EB850D85C2}.Debug|Any CPU.Build.0 = Debug|Any CPU
		{AAAB88AE-3609-4A35-ABBB-92EB850D85C2}.Release|Any CPU.ActiveCfg = Release|Any CPU
		{AAAB88AE-3609-4A35-ABBB-92EB850D85C2}.Release|Any CPU.Build.0 = Release|Any CPU
		{0B1D23DF-16FC-4E58-8062-76C45B8F92EA}.Debug|Any CPU.ActiveCfg = Debug|Any CPU
		{0B1D23DF-16FC-4E58-8062-76C45B8F92EA}.Debug|Any CPU.Build.0 = Debug|Any CPU
		{0B1D23DF-16FC-4E58-8062-76C45B8F92EA}.Release|Any CPU.ActiveCfg = Release|Any CPU
		{0B1D23DF-16FC-4E58-8062-76C45B8F92EA}.Release|Any CPU.Build.0 = Release|Any CPU
	EndGlobalSection
EndGlobal
