
Microsoft Visual Studio Solution File, Format Version 12.00
# Visual Studio Version 16
VisualStudioVersion = 16.0.30114.105
MinimumVisualStudioVersion = 10.0.40219.1
Project("{FAE04EC0-301F-11D3-BF4B-00C04F79EFBC}") = "DotnetWeatherTest", "DotnetWeatherTest\DotnetWeatherTest.csproj", "{AAAB88AE-3609-4A35-ABBB-92EB850D85C2}"
EndProject
Project("{FAE04EC0-301F-11D3-BF4B-00C04F79EFBC}") = "DotnetWeather", "DotnetWeather\DotnetWeather.csproj", "{9B563C71-C50F-43FF-A085-0FE7F5FFF170}"
EndProject
Global
	GlobalSection(SolutionConfigurationPlatforms) = preSolution
		Debug|Any CPU = Debug|Any CPU
		Release|Any CPU = Release|Any CPU
	EndGlobalSection
	GlobalSection(SolutionProperties) = preSolution
		HideSolutionNode = FALSE
	EndGlobalSection
	GlobalSection(ProjectConfigurationPlatforms) = postSolution
		{AAAB88AE-3609-4A35-ABBB-92EB850D85C2}.Debug|Any CPU.ActiveCfg = Debug|Any CPU
		{AAAB88AE-3609-4A35-ABBB-92EB850D85C2}.Debug|Any CPU.Build.0 = Debug|Any CPU
		{AAAB88AE-3609-4A35-ABBB-92EB850D85C2}.Release|Any CPU.ActiveCfg = Release|Any CPU
		{AAAB88AE-3609-4A35-ABBB-92EB850D85C2}.Release|Any CPU.Build.0 = Release|Any CPU
		{9B563C71-C50F-43FF-A085-0FE7F5FFF170}.Debug|Any CPU.ActiveCfg = Debug|Any CPU
		{9B563C71-C50F-43FF-A085-0FE7F5FFF170}.Debug|Any CPU.Build.0 = Debug|Any CPU
		{9B563C71-C50F-43FF-A085-0FE7F5FFF170}.Release|Any CPU.ActiveCfg = Release|Any CPU
		{9B563C71-C50F-43FF-A085-0FE7F5FFF170}.Release|Any CPU.Build.0 = Release|Any CPU
	EndGlobalSection
EndGlobal
